github.com/gethugothemes/hugo-modules/accordion v0.0.0-20240215103202-c030d4222242 h1:gFxGalBg26zJumCS5e//j95FgZlYRpNJ3jIXi4OIl1c=
github.com/gethugothemes/hugo-modules/accordion v0.0.0-20240215103202-c030d4222242/go.mod h1:D4DpauKPDcUHI9CVKYmJeO6bkSJIhUN864TyXZ2o0VI=
github.com/gethugothemes/hugo-modules/accordion v0.0.0-20260106053822-13607459af90 h1:W5hk68KQAHYi1lrNgco/GKIMM0Z7E1oRxPSRxJWacQM=
github.com/gethugothemes/hugo-modules/accordion v0.0.0-20260106053822-13607459af90/go.mod h1:D4DpauKPDcUHI9CVKYmJeO6bkSJIhUN864TyXZ2o0VI=
github.com/gethugothemes/hugo-modules/adsense v0.0.0-20240215103202-c030d4222242 h1:H4qw71Pv1RmCio3r/D4N8MXHVks1SBpMcVmZCnz3wlg=
github.com/gethugothemes/hugo-modules/adsense v0.0.0-20240215103202-c030d4222242/go.mod h1:8p/gG/cyyu20z4q5cFN/JGE5TOFA55Xsp+aIP9KCsqo=
github.com/gethugothemes/hugo-modules/adsense v0.0.0-20260106053822-13607459af90 h1:rRRim+pN+hyTIITUwffHxNLg+WKIF1WN9ud7bxQ2nHE=
github.com/gethugothemes/hugo-modules/adsense v0.0.0-20260106053822-13607459af90/go.mod h1:8p/gG/cyyu20z4q5cFN/JGE5TOFA55Xsp+aIP9KCsqo=
github.com/gethugothemes/hugo-modules/components/cookie-consent v0.0.0-20240215103202-c030d4222242 h1:d4SGLNv5mmwnMAG78t40ce0CSnhQwZJAi2FTmmx9kgg=
github.com/gethugothemes/hugo-modules/components/cookie-consent v0.0.0-20240215103202-c030d4222242/go.mod h1:511ERLpGe3ZTfV2z/NAtUSR5NqKF26h9z5lU/zYV4YQ=
github.com/gethugothemes/hugo-modules/components/cookie-consent v0.0.0-20260106053822-13607459af90 h1:876z6dcbTp8wwCCMoIoK+kzMbT7v8JY76A6UyJX4yac=
github.com/gethugothemes/hugo-modules/components/cookie-consent v0.0.0-20260106053822-13607459af90/go.mod h1:511ERLpGe3ZTfV2z/NAtUSR5NqKF26h9z5lU/zYV4YQ=
github.com/gethugothemes/hugo-modules/components/custom-script v0.0.0-20240215103202-c030d4222242 h1:+ShMfcdSHAgg8eFF7ZVvEaWl+/JkLLfpaWgqJZnsm0I=
github.com/gethugothemes/hugo-modules/components/custom-script v0.0.0-20240215103202-c030d4222242/go.mod h1:RuDHq4WnK8sNEzAIJr4BZQ7oXhzcct/EKaAxc2Xvi9E=
github.com/gethugothemes/hugo-modules/components/custom-script v0.0.0-20260106053822-13607459af90 h1:ofLJwHEz2hAHe25diujxWLtySMA+dy0OXjRo/rWDAks=
github.com/gethugothemes/hugo-modules/components/custom-script v0.0.0-20260106053822-13607459af90/go.mod h1:RuDHq4WnK8sNEzAIJr4BZQ7oXhzcct/EKaAxc2Xvi9E=
github.com/gethugothemes/hugo-modules/components/preloader v0.0.0-20240215103202-c030d4222242 h1:Wnijrj8VjI2GclhDHsH0zRcYO1Wq/t9u5LtGpDFbc7w=
github.com/gethugothemes/hugo-modules/components/preloader v0.0.0-20240215103202-c030d4222242/go.mod h1:FP0iQ3tMOesuWFZhLst2KEvUEYPb5Jk1GW+QBP9lrwg=
github.com/gethugothemes/hugo-modules/components/preloader v0.0.0-20260106053822-13607459af90 h1:JleNRdjBQq/5TWhvZly2GQXcW1pA55MhzlNS1TpXWQI=
github.com/gethugothemes/hugo-modules/components/preloader v0.0.0-20260106053822-13607459af90/go.mod h1:FP0iQ3tMOesuWFZhLst2KEvUEYPb5Jk1GW+QBP9lrwg=
github.com/gethugothemes/hugo-modules/components/render-link v0.0.0-20240215103202-c030d4222242 h1:1aTJ9rWGFka6yaEDrCR3uouz4BsA5H00S1iQzlTT7Cg=
github.com/gethugothemes/hugo-modules/components/render-link v0.0.0-20240215103202-c030d4222242/go.mod h1:z3YcIeEBUonAoRDY1/Jv1ojNVkZ5ud35a0Nn8L4Inx0=
github.com/gethugothemes/hugo-modules/components/render-link v0.0.0-20260106053822-13607459af90 h1:9JZuQu7WABYcrWzMl4z10uW4gnw9dbQFO0NFf6cyHZQ=
github.com/gethugothemes/hugo-modules/components/render-link v0.0.0-20260106053822-13607459af90/go.mod h1:z3YcIeEBUonAoRDY1/Jv1ojNVkZ5ud35a0Nn8L4Inx0=
github.com/gethugothemes/hugo-modules/components/social-share v0.0.0-20240215103202-c030d4222242 h1:phq6SxYmB8A22LlMUu2p75sI0qrWrizQVbptk0YznSU=
github.com/gethugothemes/hugo-modules/components/social-share v0.0.0-20240215103202-c030d4222242/go.mod h1:Gcj4RM/EBECsJMZnPeWjfy/1roRYGqzV9GYNmeHkvFA=
github.com/gethugothemes/hugo-modules/components/social-share v0.0.0-20260106053822-13607459af90 h1:E2SEcM/9s+X+8DuuGi6rHOEnjDhoALthiPcq0UyDqx0=
github.com/gethugothemes/hugo-modules/components/social-share v0.0.0-20260106053822-13607459af90/go.mod h1:Gcj4RM/EBECsJMZnPeWjfy/1roRYGqzV9GYNmeHkvFA=
github.com/gethugothemes/hugo-modules/gallery-slider v0.0.0-20240215103202-c030d4222242 h1:imsu5wNduLXax4FjofQ7bOBpTtqgyyBcM15s0kNzHzM=
github.com/gethugothemes/hugo-modules/gallery-slider v0.0.0-20240215103202-c030d4222242/go.mod h1:MvQ2js/ofZ22CTX5wuvE+dC0rMe6C5HAWL2fEOu/yzE=
github.com/gethugothemes/hugo-modules/gallery-slider v0.0.0-20260106053822-13607459af90 h1:O6vfuule0zOCUr3SVAa0w0Mz1fYhDLpJiUJFf6Iuepk=
github.com/gethugothemes/hugo-modules/gallery-slider v0.0.0-20260106053822-13607459af90/go.mod h1:MvQ2js/ofZ22CTX5wuvE+dC0rMe6C5HAWL2fEOu/yzE=
github.com/gethugothemes/hugo-modules/gzip-caching v0.0.0-20240215103202-c030d4222242 h1:qP8v2MMeqRQ658Vw/o4jsNKq/BUFVLfGkVz0dy8cDEo=
github.com/gethugothemes/hugo-modules/gzip-caching v0.0.0-20240215103202-c030d4222242/go.mod h1:0ZMjTZVG4XLZU2/icc8Saqo4mmgMpfRTrUZU2Aa2Pwg=
github.com/gethugothemes/hugo-modules/gzip-caching v0.0.0-20260106053822-13607459af90 h1:PNDWoR5UzwicXHOtaglrqEj922vm87t8PUf6OWy8EKY=
github.com/gethugothemes/hugo-modules/gzip-caching v0.0.0-20260106053822-13607459af90/go.mod h1:0ZMjTZVG4XLZU2/icc8Saqo4mmgMpfRTrUZU2Aa2Pwg=
github.com/gethugothemes/hugo-modules/icons/font-awesome v0.0.0-20240215103202-c030d4222242 h1:xZm3fwubmIb3xpkmsrX9zDp7m0lfg5yptQKQT0dxxI0=
github.com/gethugothemes/hugo-modules/icons/font-awesome v0.0.0-20240215103202-c030d4222242/go.mod h1:d3gy1vQyfasPmGpau7HpQLrXbOv23PfXclSnjyOBxeU=
github.com/gethugothemes/hugo-modules/icons/font-awesome v0.0.0-20260106053822-13607459af90 h1:2nwx9WcYuWt5gCzHezUTPZDWhHwAhSAtpzp6wPDLZ0g=
github.com/gethugothemes/hugo-modules/icons/font-awesome v0.0.0-20260106053822-13607459af90/go.mod h1:d3gy1vQyfasPmGpau7HpQLrXbOv23PfXclSnjyOBxeU=
github.com/gethugothemes/hugo-modules/images v0.0.0-20240215103202-c030d4222242 h1:r1h0s39pTIW0PJVbDzKrePX3RNlHnHiTzldnXuDZeXU=
github.com/gethugothemes/hugo-modules/images v0.0.0-20240215103202-c030d4222242/go.mod h1:FKliP3qOW9diIcQeLtyZ0Hdhg3PL8bdAkC/6O+XtU90=
github.com/gethugothemes/hugo-modules/images v0.0.0-20260106053822-13607459af90 h1:qv2YOenCWfnNBw3x0Y1vb4zdkiIqqLXMpztJ0zsLn1k=
github.com/gethugothemes/hugo-modules/images v0.0.0-20260106053822-13607459af90/go.mod h1:FKliP3qOW9diIcQeLtyZ0Hdhg3PL8bdAkC/6O+XtU90=
github.com/gethugothemes/hugo-modules/modal v0.0.0-20240215103202-c030d4222242 h1:8oP1m06Ko+q7dQichAmywtzMsGuckoG3rW6UVboa7d0=
github.com/gethugothemes/hugo-modules/modal v0.0.0-20240215103202-c030d4222242/go.mod h1:Eb9v7oV6biymfvjcBhQdvgn0gUGYhUtfCMeOBLFpFsk=
github.com/gethugothemes/hugo-modules/modal v0.0.0-20260106053822-13607459af90 h1:3QdYamGeRiqXRpJN0urufNgMarJiw2gD93cPpoALJdY=
github.com/gethugothemes/hugo-modules/modal v0.0.0-20260106053822-13607459af90/go.mod h1:Eb9v7oV6biymfvjcBhQdvgn0gUGYhUtfCMeOBLFpFsk=
github.com/gethugothemes/hugo-modules/pwa v0.0.0-20240215103202-c030d4222242 h1:82WUFZMkOqSt5wWQ1uxkS7pP648+MfitjJbETOM8Hl0=
github.com/gethugothemes/hugo-modules/pwa v0.0.0-20240215103202-c030d4222242/go.mod h1:TRv7iszdfo37O1PbBEE+S8X/enAdpRIxK5DGrp13Qbo=
github.com/gethugothemes/hugo-modules/pwa v0.0.0-20260106053822-13607459af90 h1:JRHa+l3qJcy/wNEof6upntif7PYdcLUt1frIerFcquQ=
github.com/gethugothemes/hugo-modules/pwa v0.0.0-20260106053822-13607459af90/go.mod h1:TRv7iszdfo37O1PbBEE+S8X/enAdpRIxK5DGrp13Qbo=
github.com/gethugothemes/hugo-modules/search v0.0.0-20240215103202-c030d4222242 h1:Uj5yTctxnxU3Rqc0hVT4KJ8bRY3rn6bwhSDhhsrWQLQ=
github.com/gethugothemes/hugo-modules/search v0.0.0-20240215103202-c030d4222242/go.mod h1:tmDvLaZCM+QDvS/WLZXNjY1QTdWh7/68D2wIToECbyA=
github.com/gethugothemes/hugo-modules/search v0.0.0-20260106053822-13607459af90 h1:3EbYJClylPgF3MZyxUnL7Ee2HGopnZC3TB/LP3XYt5s=
github.com/gethugothemes/hugo-modules/search v0.0.0-20260106053822-13607459af90/go.mod h1:tmDvLaZCM+QDvS/WLZXNjY1QTdWh7/68D2wIToECbyA=
github.com/gethugothemes/hugo-modules/seo-tools/basic-seo v0.0.0-20240215103202-c030d4222242 h1:FCUJq2eYZmYVgTWnTno4lnez+0pCRHqBX0EREqiAzjA=
github.com/gethugothemes/hugo-modules/seo-tools/basic-seo v0.0.0-20240215103202-c030d4222242/go.mod h1:Q8dPgjamV7pxwKSQyWV21Xwh5CGi23/k+M8HPTphYbs=
github.com/gethugothemes/hugo-modules/seo-tools/basic-seo v0.0.0-20260106053822-13607459af90 h1:gvXOTEh+w/j7AR0/57r+AmULuRnEEAdoVBuvP+Qwh9k=
github.com/gethugothemes/hugo-modules/seo-tools/basic-seo v0.0.0-20260106053822-13607459af90/go.mod h1:Q8dPgjamV7pxwKSQyWV21Xwh5CGi23/k+M8HPTphYbs=
github.com/gethugothemes/hugo-modules/seo-tools/google-tag-manager v0.0.0-20240215103202-c030d4222242 h1:XFI2k5XL/hIzr+MoRq2VAMQyHd4namMjqZLfOgeLiHI=
github.com/gethugothemes/hugo-modules/seo-tools/google-tag-manager v0.0.0-20240215103202-c030d4222242/go.mod h1:cCq50yd55eFTrpqOfeyOK5X0hU5E7qxsqOD7IzTsgLA=
github.com/gethugothemes/hugo-modules/seo-tools/google-tag-manager v0.0.0-20260106053822-13607459af90 h1:w0pTN+2kMhrEPveRUEqF/wTFAWa2oS1coy+xnUZTpzI=
github.com/gethugothemes/hugo-modules/seo-tools/google-tag-manager v0.0.0-20260106053822-13607459af90/go.mod h1:cCq50yd55eFTrpqOfeyOK5X0hU5E7qxsqOD7IzTsgLA=
github.com/gethugothemes/hugo-modules/seo-tools/site-verifications v0.0.0-20240215103202-c030d4222242 h1:zgttA3KBEABQGqVVMBuEcFO8OszjSwGGnCYFVxboiDo=
github.com/gethugothemes/hugo-modules/seo-tools/site-verifications v0.0.0-20240215103202-c030d4222242/go.mod h1:iXielaya126qJscz7Bc2G2WB91moloQOoWru6UoBUyE=
github.com/gethugothemes/hugo-modules/seo-tools/site-verifications v0.0.0-20260106053822-13607459af90 h1:oWy5cDtH46KJAGE78rLu7PFq/RNudoShPd1yKwhG6QE=
github.com/gethugothemes/hugo-modules/seo-tools/site-verifications v0.0.0-20260106053822-13607459af90/go.mod h1:iXielaya126qJscz7Bc2G2WB91moloQOoWru6UoBUyE=
github.com/gethugothemes/hugo-modules/shortcodes/button v0.0.0-20240215103202-c030d4222242 h1:ZZPGIQ8uP/yBwelIGhLAx9fqOE18QyItitSTF0WD4B0=
github.com/gethugothemes/hugo-modules/shortcodes/button v0.0.0-20240215103202-c030d4222242/go.mod h1:MSvxGvjvcGUKTs6YMATU/9kYFrzW+VSVdy4CCOQLdsY=
github.com/gethugothemes/hugo-modules/shortcodes/button v0.0.0-20260106053822-13607459af90 h1:a/G25KaUBz6Yvb3A9v559ZZ/+DWTXvVl7fcdvfGphz0=
github.com/gethugothemes/hugo-modules/shortcodes/button v0.0.0-20260106053822-13607459af90/go.mod h1:MSvxGvjvcGUKTs6YMATU/9kYFrzW+VSVdy4CCOQLdsY=
github.com/gethugothemes/hugo-modules/shortcodes/notice v0.0.0-20240215103202-c030d4222242 h1:X10cLYuM8bT2EGul85TZZZ2/ih8jlax8/gLqynCDQIc=
github.com/gethugothemes/hugo-modules/shortcodes/notice v0.0.0-20240215103202-c030d4222242/go.mod h1:ljWyMJx82WA+6SlKjbGFhEdxcriyvUTCjXkJHDa4lho=
github.com/gethugothemes/hugo-modules/shortcodes/notice v0.0.0-20260106053822-13607459af90 h1:NQhCVYduAazrsUUKd15VyxyVg/xdqXkXGBqyZxuZNtU=
github.com/gethugothemes/hugo-modules/shortcodes/notice v0.0.0-20260106053822-13607459af90/go.mod h1:ljWyMJx82WA+6SlKjbGFhEdxcriyvUTCjXkJHDa4lho=
github.com/gethugothemes/hugo-modules/tab v0.0.0-20240215103202-c030d4222242 h1:gOucOrcZsEL++YUGnrTqFa91o9lRdNEepbnERNSmS3A=
github.com/gethugothemes/hugo-modules/tab v0.0.0-20240215103202-c030d4222242/go.mod h1:h3UxlxrFoU19JldxWLPBKaTZFe3AJtABrqo1wfxr+Ng=
github.com/gethugothemes/hugo-modules/tab v0.0.0-20260106053822-13607459af90 h1:C+srrXg9GAfvhGbqfNmNclg8+PrsqPgu+frgbRzz9Tc=
github.com/gethugothemes/hugo-modules/tab v0.0.0-20260106053822-13607459af90/go.mod h1:h3UxlxrFoU19JldxWLPBKaTZFe3AJtABrqo1wfxr+Ng=
github.com/gethugothemes/hugo-modules/table-of-contents v0.0.0-20240215103202-c030d4222242 h1:pgmjy/uwvUsAPTDl+gKz7GF3kTi6mcbFQBm4W8asDws=
github.com/gethugothemes/hugo-modules/table-of-contents v0.0.0-20240215103202-c030d4222242/go.mod h1:bEDw4veccQQQYEdVrfu13ATRUWfW8ptDIjJZuhYh4Tw=
github.com/gethugothemes/hugo-modules/table-of-contents v0.0.0-20260106053822-13607459af90 h1:xoyopaFnCiaX5vS7c3YSUOLghahf2G6C9DJtd0NT17M=
github.com/gethugothemes/hugo-modules/table-of-contents v0.0.0-20260106053822-13607459af90/go.mod h1:bEDw4veccQQQYEdVrfu13ATRUWfW8ptDIjJZuhYh4Tw=
github.com/gethugothemes/hugo-modules/videos v0.0.0-20240215103202-c030d4222242 h1:nLyYQIaJXGnMs8RlfRpmqRVR02T9OVzCEiekh5aU7Qw=
github.com/gethugothemes/hugo-modules/videos v0.0.0-20240215103202-c030d4222242/go.mod h1:P722lLWdnNhdZVq6gvMrOLqECUwrAYQWaOWlChta5H0=
github.com/gethugothemes/hugo-modules/videos v0.0.0-20260106053822-13607459af90 h1:e9Tl4TzjmONcn+D1wWUE9w47ZEIUeQZ7CQs/xxHTNFM=
github.com/gethugothemes/hugo-modules/videos v0.0.0-20260106053822-13607459af90/go.mod h1:P722lLWdnNhdZVq6gvMrOLqECUwrAYQWaOWlChta5H0=
github.com/zeon-studio/hugoplate v0.0.0-20240215094431-cf2ee3b68eaf h1:WOgVJoGR0gDPORswcdzZRN2zw2Ap4H58Zy5pYLwcmIQ=
github.com/zeon-studio/hugoplate v0.0.0-20240215094431-cf2ee3b68eaf/go.mod h1:YlRIwdTWidquf1dhtx+mDfu0I3KVrVQB4wi4UmHlK3E=
